
Microsoft Visual Studio Solution File, Format Version 12.00
# Visual Studio Version 16
VisualStudioVersion = 16.0.30320.27
MinimumVisualStudioVersion = 10.0.40219.1
Project("{FAE04EC0-301F-11D3-BF4B-00C04F79EFBC}") = "01创建一个GitHud", "01创建一个GitHud\01创建一个GitHud.csproj", "{8CBE0A6B-0009-4CC8-9779-6FF0EEBAD857}"
EndProject
Global
	GlobalSection(SolutionConfigurationPlatforms) = preSolution
		Debug|Any CPU = Debug|Any CPU
		Release|Any CPU = Release|Any CPU
	EndGlobalSection
	GlobalSection(ProjectConfigurationPlatforms) = postSolution
		{8CBE0A6B-0009-4CC8-9779-6FF0EEBAD857}.Debug|Any CPU.ActiveCfg = Debug|Any CPU
		{8CBE0A6B-0009-4CC8-9779-6FF0EEBAD857}.Debug|Any CPU.Build.0 = Debug|Any CPU
		{8CBE0A6B-0009-4CC8-9779-6FF0EEBAD857}.Release|Any CPU.ActiveCfg = Release|Any CPU
		{8CBE0A6B-0009-4CC8-9779-6FF0EEBAD857}.Release|Any CPU.Build.0 = Release|Any CPU
	EndGlobalSection
	GlobalSection(SolutionProperties) = preSolution
		HideSolutionNode = FALSE
	EndGlobalSection
	GlobalSection(ExtensibilityGlobals) = postSolution
		SolutionGuid = {E2255D3B-546C-4A6C-90A4-9EC10C3D1B7A}
	EndGlobalSection
EndGlobal
